
Microsoft Visual Studio Solution File, Format Version 12.00
# Visual Studio Version 16
VisualStudioVersion = 16.0.31911.196
MinimumVisualStudioVersion = 10.0.40219.1
Project("{FAE04EC0-301F-11D3-BF4B-00C04F79EFBC}") = "ConsoleSudoku", "ConsoleSudoku.csproj", "{7986F5A9-580D-41B9-BE89-3F9B5C833B8B}"
EndProject
Global
	GlobalSection(SolutionConfigurationPlatforms) = preSolution
		Debug|Any CPU = Debug|Any CPU
		Release|Any CPU = Release|Any CPU
	EndGlobalSection
	GlobalSection(ProjectConfigurationPlatforms) = postSolution
		{7986F5A9-580D-41B9-BE89-3F9B5C833B8B}.Debug|Any CPU.ActiveCfg = Debug|Any CPU
		{7986F5A9-580D-41B9-BE89-3F9B5C833B8B}.Debug|Any CPU.Build.0 = Debug|Any CPU
		{7986F5A9-580D-41B9-BE89-3F9B5C833B8B}.Release|Any CPU.ActiveCfg = Release|Any CPU
		{7986F5A9-580D-41B9-BE89-3F9B5C833B8B}.Release|Any CPU.Build.0 = Release|Any CPU
	EndGlobalSection
	GlobalSection(SolutionProperties) = preSolution
		HideSolutionNode = FALSE
	EndGlobalSection
	GlobalSection(ExtensibilityGlobals) = postSolution
		SolutionGuid = {AE833074-8DEB-46BF-9D97-A0A398A7E9AB}
	EndGlobalSection
EndGlobal
